Microsoft Visual Studio Solution File, Format Version 9.00
# Visual Studio 2005
Project("{8BC9CEB8-8B4A-11D0-8D11-00A0C91BC942}") = "chapter10_demo0", "chapter10_demo0\chapter10_demo0.vcproj", "{1BD70980-C4BF-41CA-8631-86C654346DC9}"
	ProjectSection(ProjectDependencies) = postProject
		{8E0C6C2A-1DC9-443C-85B8-F7A6DB09404F} = {8E0C6C2A-1DC9-443C-85B8-F7A6DB09404F}
	EndProjectSection
EndProject
Project("{8BC9CEB8-8B4A-11D0-8D11-00A0C91BC942}") = "chapter10_demo1", "chapter10_demo1\chapter10_demo1.vcproj", "{3371E735-B7C9-4E43-9B16-0E67E935C983}"
	ProjectSection(ProjectDependencies) = postProject
		{8E0C6C2A-1DC9-443C-85B8-F7A6DB09404F} = {8E0C6C2A-1DC9-443C-85B8-F7A6DB09404F}
	EndProjectSection
EndProject
Project("{8BC9CEB8-8B4A-11D0-8D11-00A0C91BC942}") = "chapter10_demo2", "chapter10_demo2\chapter10_demo2.vcproj", "{DA086629-D921-4055-B6E5-65A594A376F7}"
	ProjectSection(ProjectDependencies) = postProject
		{8E0C6C2A-1DC9-443C-85B8-F7A6DB09404F} = {8E0C6C2A-1DC9-443C-85B8-F7A6DB09404F}
	EndProjectSection
EndProject
Project("{8BC9CEB8-8B4A-11D0-8D11-00A0C91BC942}") = "chapter11_demo0", "chapter11_demo0\chapter11_demo0.vcproj", "{4A5E0671-F229-4BAC-8849-1204849D2277}"
	ProjectSection(ProjectDependencies) = postProject
		{8E0C6C2A-1DC9-443C-85B8-F7A6DB09404F} = {8E0C6C2A-1DC9-443C-85B8-F7A6DB09404F}
	EndProjectSection
EndProject
Project("{8BC9CEB8-8B4A-11D0-8D11-00A0C91BC942}") = "chapter12_demo0", "chapter12_demo0\chapter12_demo0.vcproj", "{3E7A3117-087F-4522-AF3B-6D7BF24D8EFC}"
	ProjectSection(ProjectDependencies) = postProject
		{8E0C6C2A-1DC9-443C-85B8-F7A6DB09404F} = {8E0C6C2A-1DC9-443C-85B8-F7A6DB09404F}
	EndProjectSection
EndProject
Project("{8BC9CEB8-8B4A-11D0-8D11-00A0C91BC942}") = "chapter13_demo0", "chapter13_demo0\chapter13_demo0.vcproj", "{3BE62146-EB98-4FBC-B27E-49489B4B009C}"
	ProjectSection(ProjectDependencies) = postProject
		{8E0C6C2A-1DC9-443C-85B8-F7A6DB09404F} = {8E0C6C2A-1DC9-443C-85B8-F7A6DB09404F}
	EndProjectSection
EndProject
Project("{8BC9CEB8-8B4A-11D0-8D11-00A0C91BC942}") = "chapter6_demo0", "chapter6_demo0\chapter6_demo0.vcproj", "{242C58FE-53EE-4E8A-8FA8-6398989B05B9}"
	ProjectSection(ProjectDependencies) = postProject
		{8E0C6C2A-1DC9-443C-85B8-F7A6DB09404F} = {8E0C6C2A-1DC9-443C-85B8-F7A6DB09404F}
	EndProjectSection
EndProject
Project("{8BC9CEB8-8B4A-11D0-8D11-00A0C91BC942}") = "chapter7_demo0", "chapter7_demo0\chapter7_demo0.vcproj", "{C0F9C529-284B-4D95-8F5C-A7C2374171F5}"
	ProjectSection(ProjectDependencies) = postProject
		{8E0C6C2A-1DC9-443C-85B8-F7A6DB09404F} = {8E0C6C2A-1DC9-443C-85B8-F7A6DB09404F}
	EndProjectSection
EndProject
Project("{8BC9CEB8-8B4A-11D0-8D11-00A0C91BC942}") = "chapter8_demo0", "chapter8_demo0\chapter8_demo0.vcproj", "{29AE4A2A-F9E2-481C-B8E5-3E11E2551923}"
	ProjectSection(ProjectDependencies) = postProject
		{8E0C6C2A-1DC9-443C-85B8-F7A6DB09404F} = {8E0C6C2A-1DC9-443C-85B8-F7A6DB09404F}
	EndProjectSection
EndProject
Project("{8BC9CEB8-8B4A-11D0-8D11-00A0C91BC942}") = "chapter8_demo1", "chapter8_demo1\chapter8_demo1.vcproj", "{43314DD7-09F0-41CE-8992-CA8F53335AA8}"
	ProjectSection(ProjectDependencies) = postProject
		{8E0C6C2A-1DC9-443C-85B8-F7A6DB09404F} = {8E0C6C2A-1DC9-443C-85B8-F7A6DB09404F}
	EndProjectSection
EndProject
Project("{8BC9CEB8-8B4A-11D0-8D11-00A0C91BC942}") = "chapter9_demo0", "chapter9_demo0\chapter9_demo0.vcproj", "{F6D6AC89-FA76-4656-A237-8A030324B1B2}"
	ProjectSection(ProjectDependencies) = postProject
		{8E0C6C2A-1DC9-443C-85B8-F7A6DB09404F} = {8E0C6C2A-1DC9-443C-85B8-F7A6DB09404F}
	EndProjectSection
EndProject
Project("{8BC9CEB8-8B4A-11D0-8D11-00A0C91BC942}") = "chapter9_demo1", "chapter9_demo1\chapter9_demo1.vcproj", "{06F178E0-026D-4E06-9BE7-D9F2CD202FDF}"
	ProjectSection(ProjectDependencies) = postProject
		{8E0C6C2A-1DC9-443C-85B8-F7A6DB09404F} = {8E0C6C2A-1DC9-443C-85B8-F7A6DB09404F}
	EndProjectSection
EndProject
Project("{8BC9CEB8-8B4A-11D0-8D11-00A0C91BC942}") = "core", "core\core.vcproj", "{E75A46A9-9460-4CC3-A1F2-7D5B74D7DAFD}"
EndProject
Project("{8BC9CEB8-8B4A-11D0-8D11-00A0C91BC942}") = "gaia", "gaia\gaia.vcproj", "{8E0C6C2A-1DC9-443C-85B8-F7A6DB09404F}"
	ProjectSection(ProjectDependencies) = postProject
		{35455F8B-9495-4761-8EA2-05285A3E267B} = {35455F8B-9495-4761-8EA2-05285A3E267B}
	EndProjectSection
EndProject
Project("{8BC9CEB8-8B4A-11D0-8D11-00A0C91BC942}") = "geometry", "geometry\geometry.vcproj", "{35455F8B-9495-4761-8EA2-05285A3E267B}"
	ProjectSection(ProjectDependencies) = postProject
		{CDCDC3B8-E197-4850-BA76-6EEC6EEF3653} = {CDCDC3B8-E197-4850-BA76-6EEC6EEF3653}
	EndProjectSection
EndProject
Project("{8BC9CEB8-8B4A-11D0-8D11-00A0C91BC942}") = "math", "math\math.vcproj", "{CDCDC3B8-E197-4850-BA76-6EEC6EEF3653}"
	ProjectSection(ProjectDependencies) = postProject
		{E75A46A9-9460-4CC3-A1F2-7D5B74D7DAFD} = {E75A46A9-9460-4CC3-A1F2-7D5B74D7DAFD}
	EndProjectSection
EndProject
Project("{8BC9CEB8-8B4A-11D0-8D11-00A0C91BC942}") = "shader_edit", "shader_edit\shader_edit.vcproj", "{59E32EDF-8CF4-4D82-9C10-43A9932152BA}"
	ProjectSection(ProjectDependencies) = postProject
		{8E0C6C2A-1DC9-443C-85B8-F7A6DB09404F} = {8E0C6C2A-1DC9-443C-85B8-F7A6DB09404F}
	EndProjectSection
EndProject
Project("{8BC9CEB8-8B4A-11D0-8D11-00A0C91BC942}") = "shaders", "BIN\MEDIA\shaders\shaders.vcproj", "{FC4E98A4-9F54-45DA-9941-9F2E109C26B8}"
EndProject
Global
	GlobalSection(SolutionConfigurationPlatforms) = preSolution
		Debug|Win32 = Debug|Win32
		Profile|Win32 = Profile|Win32
		Release|Win32 = Release|Win32
	EndGlobalSection
	GlobalSection(ProjectConfigurationPlatforms) = postSolution
		{1BD70980-C4BF-41CA-8631-86C654346DC9}.Debug|Win32.ActiveCfg = Debug|Win32
		{1BD70980-C4BF-41CA-8631-86C654346DC9}.Debug|Win32.Build.0 = Debug|Win32
		{1BD70980-C4BF-41CA-8631-86C654346DC9}.Profile|Win32.ActiveCfg = Profile|Win32
		{1BD70980-C4BF-41CA-8631-86C654346DC9}.Profile|Win32.Build.0 = Profile|Win32
		{1BD70980-C4BF-41CA-8631-86C654346DC9}.Release|Win32.ActiveCfg = Release|Win32
		{1BD70980-C4BF-41CA-8631-86C654346DC9}.Release|Win32.Build.0 = Release|Win32
		{3371E735-B7C9-4E43-9B16-0E67E935C983}.Debug|Win32.ActiveCfg = Debug|Win32
		{3371E735-B7C9-4E43-9B16-0E67E935C983}.Debug|Win32.Build.0 = Debug|Win32
		{3371E735-B7C9-4E43-9B16-0E67E935C983}.Profile|Win32.ActiveCfg = Profile|Win32
		{3371E735-B7C9-4E43-9B16-0E67E935C983}.Profile|Win32.Build.0 = Profile|Win32
		{3371E735-B7C9-4E43-9B16-0E67E935C983}.Release|Win32.ActiveCfg = Release|Win32
		{3371E735-B7C9-4E43-9B16-0E67E935C983}.Release|Win32.Build.0 = Release|Win32
		{DA086629-D921-4055-B6E5-65A594A376F7}.Debug|Win32.ActiveCfg = Debug|Win32
		{DA086629-D921-4055-B6E5-65A594A376F7}.Debug|Win32.Build.0 = Debug|Win32
		{DA086629-D921-4055-B6E5-65A594A376F7}.Profile|Win32.ActiveCfg = Profile|Win32
		{DA086629-D921-4055-B6E5-65A594A376F7}.Profile|Win32.Build.0 = Profile|Win32
		{DA086629-D921-4055-B6E5-65A594A376F7}.Release|Win32.ActiveCfg = Release|Win32
		{DA086629-D921-4055-B6E5-65A594A376F7}.Release|Win32.Build.0 = Release|Win32
		{4A5E0671-F229-4BAC-8849-1204849D2277}.Debug|Win32.ActiveCfg = Debug|Win32
		{4A5E0671-F229-4BAC-8849-1204849D2277}.Debug|Win32.Build.0 = Debug|Win32
		{4A5E0671-F229-4BAC-8849-1204849D2277}.Profile|Win32.ActiveCfg = Profile|Win32
		{4A5E0671-F229-4BAC-8849-1204849D2277}.Profile|Win32.Build.0 = Profile|Win32
		{4A5E0671-F229-4BAC-8849-1204849D2277}.Release|Win32.ActiveCfg = Release|Win32
		{4A5E0671-F229-4BAC-8849-1204849D2277}.Release|Win32.Build.0 = Release|Win32
		{3E7A3117-087F-4522-AF3B-6D7BF24D8EFC}.Debug|Win32.ActiveCfg = Debug|Win32
		{3E7A3117-087F-4522-AF3B-6D7BF24D8EFC}.Debug|Win32.Build.0 = Debug|Win32
		{3E7A3117-087F-4522-AF3B-6D7BF24D8EFC}.Profile|Win32.ActiveCfg = Profile|Win32
		{3E7A3117-087F-4522-AF3B-6D7BF24D8EFC}.Profile|Win32.Build.0 = Profile|Win32
		{3E7A3117-087F-4522-AF3B-6D7BF24D8EFC}.Release|Win32.ActiveCfg = Release|Win32
		{3E7A3117-087F-4522-AF3B-6D7BF24D8EFC}.Release|Win32.Build.0 = Release|Win32
		{3BE62146-EB98-4FBC-B27E-49489B4B009C}.Debug|Win32.ActiveCfg = Debug|Win32
		{3BE62146-EB98-4FBC-B27E-49489B4B009C}.Debug|Win32.Build.0 = Debug|Win32
		{3BE62146-EB98-4FBC-B27E-49489B4B009C}.Profile|Win32.ActiveCfg = Profile|Win32
		{3BE62146-EB98-4FBC-B27E-49489B4B009C}.Profile|Win32.Build.0 = Profile|Win32
		{3BE62146-EB98-4FBC-B27E-49489B4B009C}.Release|Win32.ActiveCfg = Release|Win32
		{3BE62146-EB98-4FBC-B27E-49489B4B009C}.Release|Win32.Build.0 = Release|Win32
		{242C58FE-53EE-4E8A-8FA8-6398989B05B9}.Debug|Win32.ActiveCfg = Debug|Win32
		{242C58FE-53EE-4E8A-8FA8-6398989B05B9}.Debug|Win32.Build.0 = Debug|Win32
		{242C58FE-53EE-4E8A-8FA8-6398989B05B9}.Profile|Win32.ActiveCfg = Profile|Win32
		{242C58FE-53EE-4E8A-8FA8-6398989B05B9}.Profile|Win32.Build.0 = Profile|Win32
		{242C58FE-53EE-4E8A-8FA8-6398989B05B9}.Release|Win32.ActiveCfg = Release|Win32
		{242C58FE-53EE-4E8A-8FA8-6398989B05B9}.Release|Win32.Build.0 = Release|Win32
		{C0F9C529-284B-4D95-8F5C-A7C2374171F5}.Debug|Win32.ActiveCfg = Debug|Win32
		{C0F9C529-284B-4D95-8F5C-A7C2374171F5}.Debug|Win32.Build.0 = Debug|Win32
		{C0F9C529-284B-4D95-8F5C-A7C2374171F5}.Profile|Win32.ActiveCfg = Profile|Win32
		{C0F9C529-284B-4D95-8F5C-A7C2374171F5}.Profile|Win32.Build.0 = Profile|Win32
		{C0F9C529-284B-4D95-8F5C-A7C2374171F5}.Release|Win32.ActiveCfg = Release|Win32
		{C0F9C529-284B-4D95-8F5C-A7C2374171F5}.Release|Win32.Build.0 = Release|Win32
		{29AE4A2A-F9E2-481C-B8E5-3E11E2551923}.Debug|Win32.ActiveCfg = Debug|Win32
		{29AE4A2A-F9E2-481C-B8E5-3E11E2551923}.Debug|Win32.Build.0 = Debug|Win32
		{29AE4A2A-F9E2-481C-B8E5-3E11E2551923}.Profile|Win32.ActiveCfg = Profile|Win32
		{29AE4A2A-F9E2-481C-B8E5-3E11E2551923}.Profile|Win32.Build.0 = Profile|Win32
		{29AE4A2A-F9E2-481C-B8E5-3E11E2551923}.Release|Win32.ActiveCfg = Release|Win32
		{29AE4A2A-F9E2-481C-B8E5-3E11E2551923}.Release|Win32.Build.0 = Release|Win32
		{43314DD7-09F0-41CE-8992-CA8F53335AA8}.Debug|Win32.ActiveCfg = Debug|Win32
		{43314DD7-09F0-41CE-8992-CA8F53335AA8}.Debug|Win32.Build.0 = Debug|Win32
		{43314DD7-09F0-41CE-8992-CA8F53335AA8}.Profile|Win32.ActiveCfg = Profile|Win32
		{43314DD7-09F0-41CE-8992-CA8F53335AA8}.Profile|Win32.Build.0 = Profile|Win32
		{43314DD7-09F0-41CE-8992-CA8F53335AA8}.Release|Win32.ActiveCfg = Release|Win32
		{43314DD7-09F0-41CE-8992-CA8F53335AA8}.Release|Win32.Build.0 = Release|Win32
		{F6D6AC89-FA76-4656-A237-8A030324B1B2}.Debug|Win32.ActiveCfg = Debug|Win32
		{F6D6AC89-FA76-4656-A237-8A030324B1B2}.Debug|Win32.Build.0 = Debug|Win32
		{F6D6AC89-FA76-4656-A237-8A030324B1B2}.Profile|Win32.ActiveCfg = Profile|Win32
		{F6D6AC89-FA76-4656-A237-8A030324B1B2}.Profile|Win32.Build.0 = Profile|Win32
		{F6D6AC89-FA76-4656-A237-8A030324B1B2}.Release|Win32.ActiveCfg = Release|Win32
		{F6D6AC89-FA76-4656-A237-8A030324B1B2}.Release|Win32.Build.0 = Release|Win32
		{06F178E0-026D-4E06-9BE7-D9F2CD202FDF}.Debug|Win32.ActiveCfg = Debug|Win32
		{06F178E0-026D-4E06-9BE7-D9F2CD202FDF}.Debug|Win32.Build.0 = Debug|Win32
		{06F178E0-026D-4E06-9BE7-D9F2CD202FDF}.Profile|Win32.ActiveCfg = Profile|Win32
		{06F178E0-026D-4E06-9BE7-D9F2CD202FDF}.Profile|Win32.Build.0 = Profile|Win32
		{06F178E0-026D-4E06-9BE7-D9F2CD202FDF}.Release|Win32.ActiveCfg = Release|Win32
		{06F178E0-026D-4E06-9BE7-D9F2CD202FDF}.Release|Win32.Build.0 = Release|Win32
		{E75A46A9-9460-4CC3-A1F2-7D5B74D7DAFD}.Debug|Win32.ActiveCfg = Debug|Win32
		{E75A46A9-9460-4CC3-A1F2-7D5B74D7DAFD}.Debug|Win32.Build.0 = Debug|Win32
		{E75A46A9-9460-4CC3-A1F2-7D5B74D7DAFD}.Profile|Win32.ActiveCfg = Profile|Win32
		{E75A46A9-9460-4CC3-A1F2-7D5B74D7DAFD}.Profile|Win32.Build.0 = Profile|Win32
		{E75A46A9-9460-4CC3-A1F2-7D5B74D7DAFD}.Release|Win32.ActiveCfg = Release|Win32
		{E75A46A9-9460-4CC3-A1F2-7D5B74D7DAFD}.Release|Win32.Build.0 = Release|Win32
		{8E0C6C2A-1DC9-443C-85B8-F7A6DB09404F}.Debug|Win32.ActiveCfg = Debug|Win32
		{8E0C6C2A-1DC9-443C-85B8-F7A6DB09404F}.Debug|Win32.Build.0 = Debug|Win32
		{8E0C6C2A-1DC9-443C-85B8-F7A6DB09404F}.Profile|Win32.ActiveCfg = Profile|Win32
		{8E0C6C2A-1DC9-443C-85B8-F7A6DB09404F}.Profile|Win32.Build.0 = Profile|Win32
		{8E0C6C2A-1DC9-443C-85B8-F7A6DB09404F}.Release|Win32.ActiveCfg = Release|Win32
		{8E0C6C2A-1DC9-443C-85B8-F7A6DB09404F}.Release|Win32.Build.0 = Release|Win32
		{35455F8B-9495-4761-8EA2-05285A3E267B}.Debug|Win32.ActiveCfg = Debug|Win32
		{35455F8B-9495-4761-8EA2-05285A3E267B}.Debug|Win32.Build.0 = Debug|Win32
		{35455F8B-9495-4761-8EA2-05285A3E267B}.Profile|Win32.ActiveCfg = Profile|Win32
		{35455F8B-9495-4761-8EA2-05285A3E267B}.Profile|Win32.Build.0 = Profile|Win32
		{35455F8B-9495-4761-8EA2-05285A3E267B}.Release|Win32.ActiveCfg = Release|Win32
		{35455F8B-9495-4761-8EA2-05285A3E267B}.Release|Win32.Build.0 = Release|Win32
		{CDCDC3B8-E197-4850-BA76-6EEC6EEF3653}.Debug|Win32.ActiveCfg = Debug|Win32
		{CDCDC3B8-E197-4850-BA76-6EEC6EEF3653}.Debug|Win32.Build.0 = Debug|Win32
		{CDCDC3B8-E197-4850-BA76-6EEC6EEF3653}.Profile|Win32.ActiveCfg = Profile|Win32
		{CDCDC3B8-E197-4850-BA76-6EEC6EEF3653}.Profile|Win32.Build.0 = Profile|Win32
		{CDCDC3B8-E197-4850-BA76-6EEC6EEF3653}.Release|Win32.ActiveCfg = Release|Win32
		{CDCDC3B8-E197-4850-BA76-6EEC6EEF3653}.Release|Win32.Build.0 = Release|Win32
		{59E32EDF-8CF4-4D82-9C10-43A9932152BA}.Debug|Win32.ActiveCfg = Debug|Win32
		{59E32EDF-8CF4-4D82-9C10-43A9932152BA}.Debug|Win32.Build.0 = Debug|Win32
		{59E32EDF-8CF4-4D82-9C10-43A9932152BA}.Profile|Win32.ActiveCfg = Profile|Win32
		{59E32EDF-8CF4-4D82-9C10-43A9932152BA}.Profile|Win32.Build.0 = Profile|Win32
		{59E32EDF-8CF4-4D82-9C10-43A9932152BA}.Release|Win32.ActiveCfg = Release|Win32
		{59E32EDF-8CF4-4D82-9C10-43A9932152BA}.Release|Win32.Build.0 = Release|Win32
		{FC4E98A4-9F54-45DA-9941-9F2E109C26B8}.Debug|Win32.ActiveCfg = Debug|Win32
		{FC4E98A4-9F54-45DA-9941-9F2E109C26B8}.Debug|Win32.Build.0 = Debug|Win32
		{FC4E98A4-9F54-45DA-9941-9F2E109C26B8}.Profile|Win32.ActiveCfg = Profile|Win32
		{FC4E98A4-9F54-45DA-9941-9F2E109C26B8}.Profile|Win32.Build.0 = Profile|Win32
		{FC4E98A4-9F54-45DA-9941-9F2E109C26B8}.Release|Win32.ActiveCfg = Release|Win32
		{FC4E98A4-9F54-45DA-9941-9F2E109C26B8}.Release|Win32.Build.0 = Release|Win32
	EndGlobalSection
	GlobalSection(SolutionProperties) = preSolution
		HideSolutionNode = FALSE
	EndGlobalSection
EndGlobal
